// !$*UTF8*$!
{
	archiveVersion = 1;
	classes = {
	};
	objectVersion = 77;
	objects = {

/* Begin PBXBuildFile section */
		0DA8792556B632C6D04317A1 /* CheckoutFunnelUITests.swift in Sources */ = {isa = PBXBuildFile; fileRef = 28C79158E4384EE98FA80C2A /* CheckoutFunnelUITests.swift */; };
		10139F729786995A9B197E35 /* Checkout in Frameworks */ = {isa = PBXBuildFile; productRef = 59D2E2D39840DB552E818AC0 /* Checkout */; };
		194D2ED485E44321F8A11EFD /* Checkout in Frameworks */ = {isa = PBXBuildFile; productRef = 8B4EF89E6414765AF69FB40C /* Checkout */; };
		1D5FE2EF42F550501F0CDAD7 /* SearchScenarioUITests.swift in Sources */ = {isa = PBXBuildFile; fileRef = A0D6776D23684226B5F7A853 /* SearchScenarioUITests.swift */; };
		20AF4E19E40C178D9F75CDE2 /* StoreTesting in Frameworks */ = {isa = PBXBuildFile; productRef = D1541CBF32EE9FD16E7F82BC /* StoreTesting */; };
		2545B219033042F01F540A7E /* PromotionsApp.swift in Sources */ = {isa = PBXBuildFile; fileRef = D11046F7EA1AAA004621A801 /* PromotionsApp.swift */; };
		320411C777E9C809EB50C84F /* PastPurchasesTesting in Frameworks */ = {isa = PBXBuildFile; productRef = 7C13EFC01C9B18FC33F116B2 /* PastPurchasesTesting */; };
		3388C68CCDD8DDC8C6A344DD /* Checkout in Frameworks */ = {isa = PBXBuildFile; productRef = 9B1AE0B88D9EF0E278FF20EC /* Checkout */; };
		33EBB5F024B645FDDD553B44 /* SupportApp.swift in Sources */ = {isa = PBXBuildFile; fileRef = 245A358B476A4BE5CEB6DD1C /* SupportApp.swift */; };
		384D9968C5C36E89E53EC70D /* CheckoutTesting in Frameworks */ = {isa = PBXBuildFile; productRef = 466EF080698E2C28FCE7EBBB /* CheckoutTesting */; };
		443440EFADB8D1E7C57BB965 /* SearchTesting in Frameworks */ = {isa = PBXBuildFile; productRef = ACF796CF701DC6BFBD8AAF43 /* SearchTesting */; };
		46F238D1161BD580E0F4CDE4 /* PastPurchases in Frameworks */ = {isa = PBXBuildFile; productRef = BF61BBB1FC7A5824EC870AA1 /* PastPurchases */; };
		509419EDEA53034AE71143C8 /* SearchApp.swift in Sources */ = {isa = PBXBuildFile; fileRef = D04BD09F84664B4BCA4DA364 /* SearchApp.swift */; };
		52B3036328935F9303AB6719 /* DesignSystemApp.swift in Sources */ = {isa = PBXBuildFile; fileRef = F1DA51EE048AE9DF3B871C3E /* DesignSystemApp.swift */; };
		5591C2D73799F6C1A38AF744 /* PromotionsTesting in Frameworks */ = {isa = PBXBuildFile; productRef = 21EF7C3A568B219B7BD391B2 /* PromotionsTesting */; };
		5D4D8B33FB64D6F29A8252B8 /* Suggestions in Frameworks */ = {isa = PBXBuildFile; productRef = A903C02E63913CDDC39840CD /* Suggestions */; };
		5EF95E4456A5E4E781261455 /* RootSnapshotTests.swift in Sources */ = {isa = PBXBuildFile; fileRef = 0580246527A91B4F270829A2 /* RootSnapshotTests.swift */; };
		5FD16DCED371B82EC160DFAC /* SearchScenario.swift in Sources */ = {isa = PBXBuildFile; fileRef = DDE96CC7EDA7EF1DDCF51AE9 /* SearchScenario.swift */; };
		629C79CF8476BB93E40CA882 /* SuggestionsTesting in Frameworks */ = {isa = PBXBuildFile; productRef = 2F560470612E77E6DAE7651B /* SuggestionsTesting */; };
		63AE96BFB11B3623A7D2F937 /* Search in Frameworks */ = {isa = PBXBuildFile; productRef = F229C2CC6D4E7A47FFD0B8DF /* Search */; };
		66BD418AEC08A8DE1E616D4E /* PromotionsTesting in Frameworks */ = {isa = PBXBuildFile; productRef = 2F9F6AA7C670A1A572F29F1E /* PromotionsTesting */; };
		693C48E8A806032C53FD3645 /* ShopAppMain.swift in Sources */ = {isa = PBXBuildFile; fileRef = 25036C54ADA54ACF364E9120 /* ShopAppMain.swift */; };
		6BBDBFA3D16FD32824D6C23D /* PastPurchases in Frameworks */ = {isa = PBXBuildFile; productRef = B62DE44C958403AF4368D4A2 /* PastPurchases */; };
		6E7555C7DAC517D4021F1B10 /* Store in Frameworks */ = {isa = PBXBuildFile; productRef = B145BA40E4E3518422E84FD6 /* Store */; };
		71CC1B989FBFD8E8C1F18858 /* SuggestionsApp.swift in Sources */ = {isa = PBXBuildFile; fileRef = 614A542CBFDDF6204FE71598 /* SuggestionsApp.swift */; };
		72A36146CE70FE5FEBA60E3B /* AccountTesting in Frameworks */ = {isa = PBXBuildFile; productRef = A223B6D1E95CD78305282BCA /* AccountTesting */; };
		7AE577EB14B71D53365A28E8 /* CheckoutApp.swift in Sources */ = {isa = PBXBuildFile; fileRef = D54D3FC7372FAAA32083ED74 /* CheckoutApp.swift */; };
		83389E374C4C0CF505F9C133 /* Promotions in Frameworks */ = {isa = PBXBuildFile; productRef = AD0B3E75E8B921C1D670326C /* Promotions */; };
		92B3A02073658B20654FD4B7 /* SnapshotTesting in Frameworks */ = {isa = PBXBuildFile; productRef = 4BBA7B20F61E864B7C3EF822 /* SnapshotTesting */; };
		9CC0A8489DC4C991FD699EF7 /* ShopAppUITests.swift in Sources */ = {isa = PBXBuildFile; fileRef = 0DD4711B4DF11A1176E4908B /* ShopAppUITests.swift */; };
		A0F7BAC52265ACBCA46AD26E /* CheckoutScenario.swift in Sources */ = {isa = PBXBuildFile; fileRef = 40490B6C30A53B94A2F1F77D /* CheckoutScenario.swift */; };
		A2F536E6702D843FD2B94886 /* Promotions in Frameworks */ = {isa = PBXBuildFile; productRef = E208CD9E0C09F1123B7F65B1 /* Promotions */; };
		A91641EB7A5AD16FBC3CA7D7 /* PastPurchasesTesting in Frameworks */ = {isa = PBXBuildFile; productRef = CA7DF96E4F47C78B50D8EDC1 /* PastPurchasesTesting */; };
		B96BA1232D76463AAE3823EA /* DesignSystem in Frameworks */ = {isa = PBXBuildFile; productRef = 3358B6CF875178EF090B7102 /* DesignSystem */; };
		BCAAF71848390B4A7FBCE430 /* ShopCore in Frameworks */ = {isa = PBXBuildFile; productRef = 1B8E8165E29A4C82F44F955A /* ShopCore */; };
		C30A01045AD99A96482EB448 /* AccountTesting in Frameworks */ = {isa = PBXBuildFile; productRef = 1CA7E34DE34297A6FFB1FA09 /* AccountTesting */; };
		C6B6EDF0466B3F28122C92F9 /* Support in Frameworks */ = {isa = PBXBuildFile; productRef = 6DC73CD2F364D5A7AB863742 /* Support */; };
		DA09A16717CFE7D0B18BD967 /* Store in Frameworks */ = {isa = PBXBuildFile; productRef = 6DD96E148992786A05D8500B /* Store */; };
		DAB2A619876D5307831A8277 /* SuggestionsTesting in Frameworks */ = {isa = PBXBuildFile; productRef = A0F7B1A83057CE0B3A87C1FD /* SuggestionsTesting */; };
		DAC0E415281914C55081845B /* PastPurchasesApp.swift in Sources */ = {isa = PBXBuildFile; fileRef = 9EAFB1F87AD9E11E206B75F5 /* PastPurchasesApp.swift */; };
		DB06D133F912D1B9BA801112 /* Search in Frameworks */ = {isa = PBXBuildFile; productRef = 656D585663E2E8C8CBE72F4D /* Search */; };
		DD37A14C08DAE7EFAA51EAB8 /* StoreTesting in Frameworks */ = {isa = PBXBuildFile; productRef = 230F22A05C96E4621D249E07 /* StoreTesting */; };
		E2E7E0CBE6818B62AC4B7528 /* Account in Frameworks */ = {isa = PBXBuildFile; productRef = C14327C805FBD33D3CB8EFD8 /* Account */; };
		E36E9526D379CB82B0F56B3E /* AccountApp.swift in Sources */ = {isa = PBXBuildFile; fileRef = 9DAAE2C9217523C1066D1E27 /* AccountApp.swift */; };
		F25E314E0CBCAF5F8565B719 /* Account in Frameworks */ = {isa = PBXBuildFile; productRef = 74C64115760D62F039D8A416 /* Account */; };
		F8BBFFDB55446A8780AAC970 /* CheckoutTesting in Frameworks */ = {isa = PBXBuildFile; productRef = 884720785B8AAE89F7C8970B /* CheckoutTesting */; };
		F98286DAF92BDDFF8BAC74A8 /* Suggestions in Frameworks */ = {isa = PBXBuildFile; productRef = 47041F172F6957A31FB0ADB2 /* Suggestions */; };
/* End PBXBuildFile section */

/* Begin PBXContainerItemProxy section */
		3B37F86C4F5B21018CE88C69 /* PBXContainerItemProxy */ = {
			isa = PBXContainerItemProxy;
			containerPortal = 1EE381B326C5BB4B225FF178 /* Project object */;
			proxyType = 1;
			remoteGlobalIDString = C59BDF7A1F5B9606A8919132;
			remoteInfo = CheckoutApp;
		};
		8BC4745A45F97BE1B90726EA /* PBXContainerItemProxy */ = {
			isa = PBXContainerItemProxy;
			containerPortal = 1EE381B326C5BB4B225FF178 /* Project object */;
			proxyType = 1;
			remoteGlobalIDString = 1A5F384FD9116CC9E60609FF;
			remoteInfo = ShopApp;
		};
		AACB72C972C252249A7DD08E /* PBXContainerItemProxy */ = {
			isa = PBXContainerItemProxy;
			containerPortal = 1EE381B326C5BB4B225FF178 /* Project object */;
			proxyType = 1;
			remoteGlobalIDString = 1A5F384FD9116CC9E60609FF;
			remoteInfo = ShopApp;
		};
		B5CA9A14AF79EF0EDD8589CA /* PBXContainerItemProxy */ = {
			isa = PBXContainerItemProxy;
			containerPortal = 1EE381B326C5BB4B225FF178 /* Project object */;
			proxyType = 1;
			remoteGlobalIDString = 7A88121B1416647B3D085273;
			remoteInfo = SearchApp;
		};
/* End PBXContainerItemProxy section */

/* Begin PBXFileReference section */
		038727FB7ACD0610E7D08EEF /* PastPurchasesApp.app */ = {isa = PBXFileReference; includeInIndex = 0; lastKnownFileType = wrapper.application; path = PastPurchasesApp.app; sourceTree = BUILT_PRODUCTS_DIR; };
		0580246527A91B4F270829A2 /* RootSnapshotTests.swift */ = {isa = PBXFileReference; lastKnownFileType = sourcecode.swift; path = RootSnapshotTests.swift; sourceTree = "<group>"; };
		0C36D272A4B2A18394A6857C /* ShopAppUITests.xctest */ = {isa = PBXFileReference; includeInIndex = 0; lastKnownFileType = wrapper.cfbundle; path = ShopAppUITests.xctest; sourceTree = BUILT_PRODUCTS_DIR; };
		0DD4711B4DF11A1176E4908B /* ShopAppUITests.swift */ = {isa = PBXFileReference; lastKnownFileType = sourcecode.swift; path = ShopAppUITests.swift; sourceTree = "<group>"; };
		14A2510C199FE28143DA4954 /* SuggestionsApp.app */ = {isa = PBXFileReference; includeInIndex = 0; lastKnownFileType = wrapper.application; path = SuggestionsApp.app; sourceTree = BUILT_PRODUCTS_DIR; };
		1E36F9E90AC91DB876855A21 /* SearchApp.app */ = {isa = PBXFileReference; includeInIndex = 0; lastKnownFileType = wrapper.application; path = SearchApp.app; sourceTree = BUILT_PRODUCTS_DIR; };
		245A358B476A4BE5CEB6DD1C /* SupportApp.swift */ = {isa = PBXFileReference; lastKnownFileType = sourcecode.swift; path = SupportApp.swift; sourceTree = "<group>"; };
		25036C54ADA54ACF364E9120 /* ShopAppMain.swift */ = {isa = PBXFileReference; lastKnownFileType = sourcecode.swift; path = ShopAppMain.swift; sourceTree = "<group>"; };
		28C79158E4384EE98FA80C2A /* CheckoutFunnelUITests.swift */ = {isa = PBXFileReference; lastKnownFileType = sourcecode.swift; path = CheckoutFunnelUITests.swift; sourceTree = "<group>"; };
		29F2225CE4E42BDA26534616 /* CheckoutApp.app */ = {isa = PBXFileReference; includeInIndex = 0; lastKnownFileType = wrapper.application; path = CheckoutApp.app; sourceTree = BUILT_PRODUCTS_DIR; };
		2EA81447207387812C53C745 /* CheckoutAppUITests.xctest */ = {isa = PBXFileReference; includeInIndex = 0; lastKnownFileType = wrapper.cfbundle; path = CheckoutAppUITests.xctest; sourceTree = BUILT_PRODUCTS_DIR; };
		3752626176AA8E3AB2C31C32 /* ShopAppTests.xctest */ = {isa = PBXFileReference; includeInIndex = 0; lastKnownFileType = wrapper.cfbundle; path = ShopAppTests.xctest; sourceTree = BUILT_PRODUCTS_DIR; };
		40490B6C30A53B94A2F1F77D /* CheckoutScenario.swift */ = {isa = PBXFileReference; lastKnownFileType = sourcecode.swift; path = CheckoutScenario.swift; sourceTree = "<group>"; };
		410B2D35D147A3BBCD70727C /* PromotionsApp.app */ = {isa = PBXFileReference; includeInIndex = 0; lastKnownFileType = wrapper.application; path = PromotionsApp.app; sourceTree = BUILT_PRODUCTS_DIR; };
		4535CC9AEDF879451ED5DB8A /* DesignSystemApp.app */ = {isa = PBXFileReference; includeInIndex = 0; lastKnownFileType = wrapper.application; path = DesignSystemApp.app; sourceTree = BUILT_PRODUCTS_DIR; };
		510466A867228A7F746D02EF /* ShopApp */ = {isa = PBXFileReference; lastKnownFileType = folder; name = ShopApp; path = .; sourceTree = SOURCE_ROOT; };
		614A542CBFDDF6204FE71598 /* SuggestionsApp.swift */ = {isa = PBXFileReference; lastKnownFileType = sourcecode.swift; path = SuggestionsApp.swift; sourceTree = "<group>"; };
		874943F7E67E6C5ACB08F55D /* ShopApp.app */ = {isa = PBXFileReference; includeInIndex = 0; lastKnownFileType = wrapper.application; path = ShopApp.app; sourceTree = BUILT_PRODUCTS_DIR; };
		9385120A0CFB0198D2A458C9 /* SupportApp.app */ = {isa = PBXFileReference; includeInIndex = 0; lastKnownFileType = wrapper.application; path = SupportApp.app; sourceTree = BUILT_PRODUCTS_DIR; };
		94C7D11E45BC05B99E556308 /* SearchAppUITests.xctest */ = {isa = PBXFileReference; includeInIndex = 0; lastKnownFileType = wrapper.cfbundle; path = SearchAppUITests.xctest; sourceTree = BUILT_PRODUCTS_DIR; };
		9DAAE2C9217523C1066D1E27 /* AccountApp.swift */ = {isa = PBXFileReference; lastKnownFileType = sourcecode.swift; path = AccountApp.swift; sourceTree = "<group>"; };
		9EAFB1F87AD9E11E206B75F5 /* PastPurchasesApp.swift */ = {isa = PBXFileReference; lastKnownFileType = sourcecode.swift; path = PastPurchasesApp.swift; sourceTree = "<group>"; };
		A0D6776D23684226B5F7A853 /* SearchScenarioUITests.swift */ = {isa = PBXFileReference; lastKnownFileType = sourcecode.swift; path = SearchScenarioUITests.swift; sourceTree = "<group>"; };
		D04BD09F84664B4BCA4DA364 /* SearchApp.swift */ = {isa = PBXFileReference; lastKnownFileType = sourcecode.swift; path = SearchApp.swift; sourceTree = "<group>"; };
		D11046F7EA1AAA004621A801 /* PromotionsApp.swift */ = {isa = PBXFileReference; lastKnownFileType = sourcecode.swift; path = PromotionsApp.swift; sourceTree = "<group>"; };
		D54D3FC7372FAAA32083ED74 /* CheckoutApp.swift */ = {isa = PBXFileReference; lastKnownFileType = sourcecode.swift; path = CheckoutApp.swift; sourceTree = "<group>"; };
		DDE96CC7EDA7EF1DDCF51AE9 /* SearchScenario.swift */ = {isa = PBXFileReference; lastKnownFileType = sourcecode.swift; path = SearchScenario.swift; sourceTree = "<group>"; };
		DF9BEF72580C26D74ED78999 /* AccountApp.app */ = {isa = PBXFileReference; includeInIndex = 0; lastKnownFileType = wrapper.application; path = AccountApp.app; sourceTree = BUILT_PRODUCTS_DIR; };
		F1DA51EE048AE9DF3B871C3E /* DesignSystemApp.swift */ = {isa = PBXFileReference; lastKnownFileType = sourcecode.swift; path = DesignSystemApp.swift; sourceTree = "<group>"; };
/* End PBXFileReference section */

/* Begin PBXFrameworksBuildPhase section */
		061E321AA917B2A8F9FB4B5F /* Frameworks */ = {
			isa = PBXFrameworksBuildPhase;
			buildActionMask = 2147483647;
			files = (
				C6B6EDF0466B3F28122C92F9 /* Support in Frameworks */,
			);
			runOnlyForDeploymentPostprocessing = 0;
		};
		1CE76E3BCE40841047B24F42 /* Frameworks */ = {
			isa = PBXFrameworksBuildPhase;
			buildActionMask = 2147483647;
			files = (
				46F238D1161BD580E0F4CDE4 /* PastPurchases in Frameworks */,
				320411C777E9C809EB50C84F /* PastPurchasesTesting in Frameworks */,
			);
			runOnlyForDeploymentPostprocessing = 0;
		};
		479146C572A5EF964681CB98 /* Frameworks */ = {
			isa = PBXFrameworksBuildPhase;
			buildActionMask = 2147483647;
			files = (
				DB06D133F912D1B9BA801112 /* Search in Frameworks */,
			);
			runOnlyForDeploymentPostprocessing = 0;
		};
		4D83BF7255CCD99CA9F36168 /* Frameworks */ = {
			isa = PBXFrameworksBuildPhase;
			buildActionMask = 2147483647;
			files = (
				5D4D8B33FB64D6F29A8252B8 /* Suggestions in Frameworks */,
				DAB2A619876D5307831A8277 /* SuggestionsTesting in Frameworks */,
			);
			runOnlyForDeploymentPostprocessing = 0;
		};
		743550CB42501037FE18F77C /* Frameworks */ = {
			isa = PBXFrameworksBuildPhase;
			buildActionMask = 2147483647;
			files = (
				83389E374C4C0CF505F9C133 /* Promotions in Frameworks */,
				6E7555C7DAC517D4021F1B10 /* Store in Frameworks */,
				10139F729786995A9B197E35 /* Checkout in Frameworks */,
				66BD418AEC08A8DE1E616D4E /* PromotionsTesting in Frameworks */,
				DD37A14C08DAE7EFAA51EAB8 /* StoreTesting in Frameworks */,
				F8BBFFDB55446A8780AAC970 /* CheckoutTesting in Frameworks */,
			);
			runOnlyForDeploymentPostprocessing = 0;
		};
		9757C03D36AF8DDB589D4FE9 /* Frameworks */ = {
			isa = PBXFrameworksBuildPhase;
			buildActionMask = 2147483647;
			files = (
				BCAAF71848390B4A7FBCE430 /* ShopCore in Frameworks */,
				DA09A16717CFE7D0B18BD967 /* Store in Frameworks */,
				63AE96BFB11B3623A7D2F937 /* Search in Frameworks */,
				3388C68CCDD8DDC8C6A344DD /* Checkout in Frameworks */,
				F25E314E0CBCAF5F8565B719 /* Account in Frameworks */,
				A2F536E6702D843FD2B94886 /* Promotions in Frameworks */,
				6BBDBFA3D16FD32824D6C23D /* PastPurchases in Frameworks */,
				F98286DAF92BDDFF8BAC74A8 /* Suggestions in Frameworks */,
				20AF4E19E40C178D9F75CDE2 /* StoreTesting in Frameworks */,
				C30A01045AD99A96482EB448 /* AccountTesting in Frameworks */,
				384D9968C5C36E89E53EC70D /* CheckoutTesting in Frameworks */,
				5591C2D73799F6C1A38AF744 /* PromotionsTesting in Frameworks */,
				629C79CF8476BB93E40CA882 /* SuggestionsTesting in Frameworks */,
				443440EFADB8D1E7C57BB965 /* SearchTesting in Frameworks */,
				A91641EB7A5AD16FBC3CA7D7 /* PastPurchasesTesting in Frameworks */,
			);
			runOnlyForDeploymentPostprocessing = 0;
		};
		CDD213FAA03A2CA098C2231E /* Frameworks */ = {
			isa = PBXFrameworksBuildPhase;
			buildActionMask = 2147483647;
			files = (
				92B3A02073658B20654FD4B7 /* SnapshotTesting in Frameworks */,
			);
			runOnlyForDeploymentPostprocessing = 0;
		};
		CE556EE47065FB76FBD84FAA /* Frameworks */ = {
			isa = PBXFrameworksBuildPhase;
			buildActionMask = 2147483647;
			files = (
				194D2ED485E44321F8A11EFD /* Checkout in Frameworks */,
			);
			runOnlyForDeploymentPostprocessing = 0;
		};
		E24DB6B7AA7FBBF853776842 /* Frameworks */ = {
			isa = PBXFrameworksBuildPhase;
			buildActionMask = 2147483647;
			files = (
				E2E7E0CBE6818B62AC4B7528 /* Account in Frameworks */,
				72A36146CE70FE5FEBA60E3B /* AccountTesting in Frameworks */,
			);
			runOnlyForDeploymentPostprocessing = 0;
		};
		F5019FAE4A830B18F7F041CA /* Frameworks */ = {
			isa = PBXFrameworksBuildPhase;
			buildActionMask = 2147483647;
			files = (
				B96BA1232D76463AAE3823EA /* DesignSystem in Frameworks */,
			);
			runOnlyForDeploymentPostprocessing = 0;
		};
/* End PBXFrameworksBuildPhase section */

/* Begin PBXGroup section */
		09D112F1E49C507FAA173519 /* Sources */ = {
			isa = PBXGroup;
			children = (
				F1DA51EE048AE9DF3B871C3E /* DesignSystemApp.swift */,
			);
			path = Sources;
			sourceTree = "<group>";
		};
		0D7EE4C93CF094AF9D115B09 /* UITests */ = {
			isa = PBXGroup;
			children = (
				0DD4711B4DF11A1176E4908B /* ShopAppUITests.swift */,
			);
			path = UITests;
			sourceTree = "<group>";
		};
		120D55D93B7EC5D6FE489185 /* Sources */ = {
			isa = PBXGroup;
			children = (
				9DAAE2C9217523C1066D1E27 /* AccountApp.swift */,
			);
			path = Sources;
			sourceTree = "<group>";
		};
		1211526B8427571D57B17945 /* Sources */ = {
			isa = PBXGroup;
			children = (
				D11046F7EA1AAA004621A801 /* PromotionsApp.swift */,
			);
			path = Sources;
			sourceTree = "<group>";
		};
		178DD6F65327E74A8404DA2A /* PastPurchases */ = {
			isa = PBXGroup;
			children = (
				FBE9979700374C587C3F04B3 /* App */,
			);
			path = PastPurchases;
			sourceTree = "<group>";
		};
		2FA292D08CB4273008ACEF72 /* Suggestions */ = {
			isa = PBXGroup;
			children = (
				EEAB9DBAF521FCD2E6E0C8E0 /* App */,
			);
			path = Suggestions;
			sourceTree = "<group>";
		};
		3C6A21AB2BE67DCE0BAF5BA9 /* Support */ = {
			isa = PBXGroup;
			children = (
				E90EE5CEA20C1E1A8DA5EFDE /* App */,
			);
			path = Support;
			sourceTree = "<group>";
		};
		3D699E43E37434B2C2F4AE40 /* UITests */ = {
			isa = PBXGroup;
			children = (
				A0D6776D23684226B5F7A853 /* SearchScenarioUITests.swift */,
			);
			path = UITests;
			sourceTree = "<group>";
		};
		47F2EC69DC694FCA94049D74 /* App */ = {
			isa = PBXGroup;
			children = (
				93BD182C5D4408305A66DB15 /* Sources */,
				3D699E43E37434B2C2F4AE40 /* UITests */,
			);
			path = App;
			sourceTree = "<group>";
		};
		4F06340E247DF52AC4762390 /* Tests */ = {
			isa = PBXGroup;
			children = (
				5B1D380645CE2E69697462CC /* Sources */,
			);
			path = Tests;
			sourceTree = "<group>";
		};
		5063A8D9F24F01C23C90AB4F /* Packages */ = {
			isa = PBXGroup;
			children = (
				510466A867228A7F746D02EF /* ShopApp */,
			);
			name = Packages;
			sourceTree = "<group>";
		};
		5B1D380645CE2E69697462CC /* Sources */ = {
			isa = PBXGroup;
			children = (
				0580246527A91B4F270829A2 /* RootSnapshotTests.swift */,
			);
			path = Sources;
			sourceTree = "<group>";
		};
		66E6B12A2EA5E7444282C060 /* Sources */ = {
			isa = PBXGroup;
			children = (
				245A358B476A4BE5CEB6DD1C /* SupportApp.swift */,
			);
			path = Sources;
			sourceTree = "<group>";
		};
		6D551EEA314F81EF558DE595 /* Sources */ = {
			isa = PBXGroup;
			children = (
				9EAFB1F87AD9E11E206B75F5 /* PastPurchasesApp.swift */,
			);
			path = Sources;
			sourceTree = "<group>";
		};
		74F3EAF8A2EFCA107EF70F94 /* App */ = {
			isa = PBXGroup;
			children = (
				1211526B8427571D57B17945 /* Sources */,
			);
			path = App;
			sourceTree = "<group>";
		};
		8CE2816083DCC36DF0E6DD11 /* Search */ = {
			isa = PBXGroup;
			children = (
				47F2EC69DC694FCA94049D74 /* App */,
			);
			path = Search;
			sourceTree = "<group>";
		};
		8F1CEDA138CFEAB2046D97C1 /* Sources */ = {
			isa = PBXGroup;
			children = (
				614A542CBFDDF6204FE71598 /* SuggestionsApp.swift */,
			);
			path = Sources;
			sourceTree = "<group>";
		};
		8FF935B9A77A589ED406A399 /* App */ = {
			isa = PBXGroup;
			children = (
				A8E942797E4A5F68242F4B31 /* Sources */,
				EEE2BE4AFAF518DDFF774DC6 /* UITests */,
			);
			path = App;
			sourceTree = "<group>";
		};
		93BD182C5D4408305A66DB15 /* Sources */ = {
			isa = PBXGroup;
			children = (
				D04BD09F84664B4BCA4DA364 /* SearchApp.swift */,
				DDE96CC7EDA7EF1DDCF51AE9 /* SearchScenario.swift */,
			);
			path = Sources;
			sourceTree = "<group>";
		};
		9791957CC44D42FBF2453AF8 /* App */ = {
			isa = PBXGroup;
			children = (
				09D112F1E49C507FAA173519 /* Sources */,
			);
			path = App;
			sourceTree = "<group>";
		};
		A6450AB653ACB5A961A1E253 /* Sources */ = {
			isa = PBXGroup;
			children = (
				25036C54ADA54ACF364E9120 /* ShopAppMain.swift */,
			);
			path = Sources;
			sourceTree = "<group>";
		};
		A8B6D3FA212FAA92EDCD9C53 /* App */ = {
			isa = PBXGroup;
			children = (
				A6450AB653ACB5A961A1E253 /* Sources */,
				0D7EE4C93CF094AF9D115B09 /* UITests */,
			);
			path = App;
			sourceTree = "<group>";
		};
		A8E942797E4A5F68242F4B31 /* Sources */ = {
			isa = PBXGroup;
			children = (
				D54D3FC7372FAAA32083ED74 /* CheckoutApp.swift */,
				40490B6C30A53B94A2F1F77D /* CheckoutScenario.swift */,
			);
			path = Sources;
			sourceTree = "<group>";
		};
		AC73267B49CF28CC6CC7BCFA /* Shop */ = {
			isa = PBXGroup;
			children = (
				A8B6D3FA212FAA92EDCD9C53 /* App */,
				4F06340E247DF52AC4762390 /* Tests */,
			);
			path = Shop;
			sourceTree = "<group>";
		};
		B8FAAE3A6CF302E7D61C520A = {
			isa = PBXGroup;
			children = (
				CCD49911BAA672F79146165F /* Core */,
				CDD558CDDF91E6881B43BB4A /* Features */,
				5063A8D9F24F01C23C90AB4F /* Packages */,
				AC73267B49CF28CC6CC7BCFA /* Shop */,
				BC4A696DFD180FCAD3645D77 /* Products */,
			);
			sourceTree = "<group>";
		};
		BC4A696DFD180FCAD3645D77 /* Products */ = {
			isa = PBXGroup;
			children = (
				DF9BEF72580C26D74ED78999 /* AccountApp.app */,
				29F2225CE4E42BDA26534616 /* CheckoutApp.app */,
				2EA81447207387812C53C745 /* CheckoutAppUITests.xctest */,
				4535CC9AEDF879451ED5DB8A /* DesignSystemApp.app */,
				038727FB7ACD0610E7D08EEF /* PastPurchasesApp.app */,
				410B2D35D147A3BBCD70727C /* PromotionsApp.app */,
				1E36F9E90AC91DB876855A21 /* SearchApp.app */,
				94C7D11E45BC05B99E556308 /* SearchAppUITests.xctest */,
				874943F7E67E6C5ACB08F55D /* ShopApp.app */,
				3752626176AA8E3AB2C31C32 /* ShopAppTests.xctest */,
				0C36D272A4B2A18394A6857C /* ShopAppUITests.xctest */,
				14A2510C199FE28143DA4954 /* SuggestionsApp.app */,
				9385120A0CFB0198D2A458C9 /* SupportApp.app */,
			);
			name = Products;
			sourceTree = "<group>";
		};
		C8D6774AE48AFB78A5CA80CA /* DesignSystem */ = {
			isa = PBXGroup;
			children = (
				9791957CC44D42FBF2453AF8 /* App */,
			);
			path = DesignSystem;
			sourceTree = "<group>";
		};
		CCD49911BAA672F79146165F /* Core */ = {
			isa = PBXGroup;
			children = (
				C8D6774AE48AFB78A5CA80CA /* DesignSystem */,
			);
			path = Core;
			sourceTree = "<group>";
		};
		CDD558CDDF91E6881B43BB4A /* Features */ = {
			isa = PBXGroup;
			children = (
				D9873583FB91A42DA4CF2886 /* Account */,
				E2BA9F2281B1C51B048FE22F /* Checkout */,
				178DD6F65327E74A8404DA2A /* PastPurchases */,
				E50896D5D680C2A0129201B2 /* Promotions */,
				8CE2816083DCC36DF0E6DD11 /* Search */,
				2FA292D08CB4273008ACEF72 /* Suggestions */,
				3C6A21AB2BE67DCE0BAF5BA9 /* Support */,
			);
			path = Features;
			sourceTree = "<group>";
		};
		D9873583FB91A42DA4CF2886 /* Account */ = {
			isa = PBXGroup;
			children = (
				FA45FD22D7C91B9C09C099B3 /* App */,
			);
			path = Account;
			sourceTree = "<group>";
		};
		E2BA9F2281B1C51B048FE22F /* Checkout */ = {
			isa = PBXGroup;
			children = (
				8FF935B9A77A589ED406A399 /* App */,
			);
			path = Checkout;
			sourceTree = "<group>";
		};
		E50896D5D680C2A0129201B2 /* Promotions */ = {
			isa = PBXGroup;
			children = (
				74F3EAF8A2EFCA107EF70F94 /* App */,
			);
			path = Promotions;
			sourceTree = "<group>";
		};
		E90EE5CEA20C1E1A8DA5EFDE /* App */ = {
			isa = PBXGroup;
			children = (
				66E6B12A2EA5E7444282C060 /* Sources */,
			);
			path = App;
			sourceTree = "<group>";
		};
		EEAB9DBAF521FCD2E6E0C8E0 /* App */ = {
			isa = PBXGroup;
			children = (
				8F1CEDA138CFEAB2046D97C1 /* Sources */,
			);
			path = App;
			sourceTree = "<group>";
		};
		EEE2BE4AFAF518DDFF774DC6 /* UITests */ = {
			isa = PBXGroup;
			children = (
				28C79158E4384EE98FA80C2A /* CheckoutFunnelUITests.swift */,
			);
			path = UITests;
			sourceTree = "<group>";
		};
		FA45FD22D7C91B9C09C099B3 /* App */ = {
			isa = PBXGroup;
			children = (
				120D55D93B7EC5D6FE489185 /* Sources */,
			);
			path = App;
			sourceTree = "<group>";
		};
		FBE9979700374C587C3F04B3 /* App */ = {
			isa = PBXGroup;
			children = (
				6D551EEA314F81EF558DE595 /* Sources */,
			);
			path = App;
			sourceTree = "<group>";
		};
/* End PBXGroup section */

/* Begin PBXNativeTarget section */
		0CD4BD802B938D0F443D4F01 /* PromotionsApp */ = {
			isa = PBXNativeTarget;
			buildConfigurationList = D9528060DA1D21EE94B3A2CB /* Build configuration list for PBXNativeTarget "PromotionsApp" */;
			buildPhases = (
				55C2231941A96C85FC54984D /* Sources */,
				743550CB42501037FE18F77C /* Frameworks */,
			);
			buildRules = (
			);
			dependencies = (
			);
			name = PromotionsApp;
			packageProductDependencies = (
				AD0B3E75E8B921C1D670326C /* Promotions */,
				B145BA40E4E3518422E84FD6 /* Store */,
				59D2E2D39840DB552E818AC0 /* Checkout */,
				2F9F6AA7C670A1A572F29F1E /* PromotionsTesting */,
				230F22A05C96E4621D249E07 /* StoreTesting */,
				884720785B8AAE89F7C8970B /* CheckoutTesting */,
			);
			productName = PromotionsApp;
			productReference = 410B2D35D147A3BBCD70727C /* PromotionsApp.app */;
			productType = "com.apple.product-type.application";
		};
		1A5F384FD9116CC9E60609FF /* ShopApp */ = {
			isa = PBXNativeTarget;
			buildConfigurationList = F86D628BC5021A6AD6323B11 /* Build configuration list for PBXNativeTarget "ShopApp" */;
			buildPhases = (
				A9BDB276514A30B827BD866F /* Sources */,
				9757C03D36AF8DDB589D4FE9 /* Frameworks */,
			);
			buildRules = (
			);
			dependencies = (
			);
			name = ShopApp;
			packageProductDependencies = (
				1B8E8165E29A4C82F44F955A /* ShopCore */,
				6DD96E148992786A05D8500B /* Store */,
				F229C2CC6D4E7A47FFD0B8DF /* Search */,
				9B1AE0B88D9EF0E278FF20EC /* Checkout */,
				74C64115760D62F039D8A416 /* Account */,
				E208CD9E0C09F1123B7F65B1 /* Promotions */,
				B62DE44C958403AF4368D4A2 /* PastPurchases */,
				47041F172F6957A31FB0ADB2 /* Suggestions */,
				D1541CBF32EE9FD16E7F82BC /* StoreTesting */,
				1CA7E34DE34297A6FFB1FA09 /* AccountTesting */,
				466EF080698E2C28FCE7EBBB /* CheckoutTesting */,
				21EF7C3A568B219B7BD391B2 /* PromotionsTesting */,
				2F560470612E77E6DAE7651B /* SuggestionsTesting */,
				ACF796CF701DC6BFBD8AAF43 /* SearchTesting */,
				CA7DF96E4F47C78B50D8EDC1 /* PastPurchasesTesting */,
			);
			productName = ShopApp;
			productReference = 874943F7E67E6C5ACB08F55D /* ShopApp.app */;
			productType = "com.apple.product-type.application";
		};
		274E88F17A5596775030DA0E /* ShopAppTests */ = {
			isa = PBXNativeTarget;
			buildConfigurationList = 27683EC88F3235EC03CE6519 /* Build configuration list for PBXNativeTarget "ShopAppTests" */;
			buildPhases = (
				28F538C07E3E9E41A5F885C4 /* Sources */,
				CDD213FAA03A2CA098C2231E /* Frameworks */,
			);
			buildRules = (
			);
			dependencies = (
				F24C61FEB227AFF1EF562A36 /* PBXTargetDependency */,
			);
			name = ShopAppTests;
			packageProductDependencies = (
				4BBA7B20F61E864B7C3EF822 /* SnapshotTesting */,
			);
			productName = ShopAppTests;
			productReference = 3752626176AA8E3AB2C31C32 /* ShopAppTests.xctest */;
			productType = "com.apple.product-type.bundle.unit-test";
		};
		3A45BDD70E311C7A033CB478 /* AccountApp */ = {
			isa = PBXNativeTarget;
			buildConfigurationList = A362ABFF73F4579CD00202B4 /* Build configuration list for PBXNativeTarget "AccountApp" */;
			buildPhases = (
				930843BE1FE860A702A8DE96 /* Sources */,
				E24DB6B7AA7FBBF853776842 /* Frameworks */,
			);
			buildRules = (
			);
			dependencies = (
			);
			name = AccountApp;
			packageProductDependencies = (
				C14327C805FBD33D3CB8EFD8 /* Account */,
				A223B6D1E95CD78305282BCA /* AccountTesting */,
			);
			productName = AccountApp;
			productReference = DF9BEF72580C26D74ED78999 /* AccountApp.app */;
			productType = "com.apple.product-type.application";
		};
		5A6D513F3B501912A0A28B09 /* SearchAppUITests */ = {
			isa = PBXNativeTarget;
			buildConfigurationList = C36527B9D027D2CDC2D11854 /* Build configuration list for PBXNativeTarget "SearchAppUITests" */;
			buildPhases = (
				4F9A88F73F605F1332CA15F0 /* Sources */,
			);
			buildRules = (
			);
			dependencies = (
				3F7E7CBFB18BFEB2DA11B818 /* PBXTargetDependency */,
			);
			name = SearchAppUITests;
			packageProductDependencies = (
			);
			productName = SearchAppUITests;
			productReference = 94C7D11E45BC05B99E556308 /* SearchAppUITests.xctest */;
			productType = "com.apple.product-type.bundle.ui-testing";
		};
		7A88121B1416647B3D085273 /* SearchApp */ = {
			isa = PBXNativeTarget;
			buildConfigurationList = BC4A7AB82C02EA404C18AC0F /* Build configuration list for PBXNativeTarget "SearchApp" */;
			buildPhases = (
				93EB0494F2ED56CF4C420405 /* Sources */,
				479146C572A5EF964681CB98 /* Frameworks */,
			);
			buildRules = (
			);
			dependencies = (
			);
			name = SearchApp;
			packageProductDependencies = (
				656D585663E2E8C8CBE72F4D /* Search */,
			);
			productName = SearchApp;
			productReference = 1E36F9E90AC91DB876855A21 /* SearchApp.app */;
			productType = "com.apple.product-type.application";
		};
		7F5566BB2C572B247553117A /* SuggestionsApp */ = {
			isa = PBXNativeTarget;
			buildConfigurationList = E92E3506B6E468BBCFA5FAC2 /* Build configuration list for PBXNativeTarget "SuggestionsApp" */;
			buildPhases = (
				07DD65737BFCBA67665D197C /* Sources */,
				4D83BF7255CCD99CA9F36168 /* Frameworks */,
			);
			buildRules = (
			);
			dependencies = (
			);
			name = SuggestionsApp;
			packageProductDependencies = (
				A903C02E63913CDDC39840CD /* Suggestions */,
				A0F7B1A83057CE0B3A87C1FD /* SuggestionsTesting */,
			);
			productName = SuggestionsApp;
			productReference = 14A2510C199FE28143DA4954 /* SuggestionsApp.app */;
			productType = "com.apple.product-type.application";
		};
		80041FED0A7C17D87328DBF3 /* PastPurchasesApp */ = {
			isa = PBXNativeTarget;
			buildConfigurationList = 51361DC0F298C7CFF415E9A5 /* Build configuration list for PBXNativeTarget "PastPurchasesApp" */;
			buildPhases = (
				67B140C29A7C59C59E4A4981 /* Sources */,
				1CE76E3BCE40841047B24F42 /* Frameworks */,
			);
			buildRules = (
			);
			dependencies = (
			);
			name = PastPurchasesApp;
			packageProductDependencies = (
				BF61BBB1FC7A5824EC870AA1 /* PastPurchases */,
				7C13EFC01C9B18FC33F116B2 /* PastPurchasesTesting */,
			);
			productName = PastPurchasesApp;
			productReference = 038727FB7ACD0610E7D08EEF /* PastPurchasesApp.app */;
			productType = "com.apple.product-type.application";
		};
		92D31059F1D1D73C79B10A4A /* CheckoutAppUITests */ = {
			isa = PBXNativeTarget;
			buildConfigurationList = 2FA87B38AC4D278EB8E4E907 /* Build configuration list for PBXNativeTarget "CheckoutAppUITests" */;
			buildPhases = (
				2E74362226BFCB6B3C4BB56D /* Sources */,
			);
			buildRules = (
			);
			dependencies = (
				BE74DF502AC190A521D4152F /* PBXTargetDependency */,
			);
			name = CheckoutAppUITests;
			packageProductDependencies = (
			);
			productName = CheckoutAppUITests;
			productReference = 2EA81447207387812C53C745 /* CheckoutAppUITests.xctest */;
			productType = "com.apple.product-type.bundle.ui-testing";
		};
		B6C635E3B7F8242152EDC96F /* DesignSystemApp */ = {
			isa = PBXNativeTarget;
			buildConfigurationList = 36F809332076905039C99E4B /* Build configuration list for PBXNativeTarget "DesignSystemApp" */;
			buildPhases = (
				B083E7BC9853A35FFC3D16B4 /* Sources */,
				F5019FAE4A830B18F7F041CA /* Frameworks */,
			);
			buildRules = (
			);
			dependencies = (
			);
			name = DesignSystemApp;
			packageProductDependencies = (
				3358B6CF875178EF090B7102 /* DesignSystem */,
			);
			productName = DesignSystemApp;
			productReference = 4535CC9AEDF879451ED5DB8A /* DesignSystemApp.app */;
			productType = "com.apple.product-type.application";
		};
		B9FB74AE72C21D64AC08E0B6 /* ShopAppUITests */ = {
			isa = PBXNativeTarget;
			buildConfigurationList = E5AC64D33B4DADBC67F99447 /* Build configuration list for PBXNativeTarget "ShopAppUITests" */;
			buildPhases = (
				3D31D6710201E40C594F675F /* Sources */,
			);
			buildRules = (
			);
			dependencies = (
				78F753C169F9A083608DF45A /* PBXTargetDependency */,
			);
			name = ShopAppUITests;
			packageProductDependencies = (
			);
			productName = ShopAppUITests;
			productReference = 0C36D272A4B2A18394A6857C /* ShopAppUITests.xctest */;
			productType = "com.apple.product-type.bundle.ui-testing";
		};
		C418658E564074755B9DFDE2 /* SupportApp */ = {
			isa = PBXNativeTarget;
			buildConfigurationList = E68F3EE5C4F850009A9E46A8 /* Build configuration list for PBXNativeTarget "SupportApp" */;
			buildPhases = (
				786B9668CF8864E063CD570D /* Sources */,
				061E321AA917B2A8F9FB4B5F /* Frameworks */,
			);
			buildRules = (
			);
			dependencies = (
			);
			name = SupportApp;
			packageProductDependencies = (
				6DC73CD2F364D5A7AB863742 /* Support */,
			);
			productName = SupportApp;
			productReference = 9385120A0CFB0198D2A458C9 /* SupportApp.app */;
			productType = "com.apple.product-type.application";
		};
		C59BDF7A1F5B9606A8919132 /* CheckoutApp */ = {
			isa = PBXNativeTarget;
			buildConfigurationList = 5D5F12887CA8DB66586981C0 /* Build configuration list for PBXNativeTarget "CheckoutApp" */;
			buildPhases = (
				87084B3E00E2DFA61442EBF5 /* Sources */,
				CE556EE47065FB76FBD84FAA /* Frameworks */,
			);
			buildRules = (
			);
			dependencies = (
			);
			name = CheckoutApp;
			packageProductDependencies = (
				8B4EF89E6414765AF69FB40C /* Checkout */,
			);
			productName = CheckoutApp;
			productReference = 29F2225CE4E42BDA26534616 /* CheckoutApp.app */;
			productType = "com.apple.product-type.application";
		};
/* End PBXNativeTarget section */

/* Begin PBXProject section */
		1EE381B326C5BB4B225FF178 /* Project object */ = {
			isa = PBXProject;
			attributes = {
				BuildIndependentTargetsInParallel = YES;
				LastUpgradeCheck = 2600;
				TargetAttributes = {
					5A6D513F3B501912A0A28B09 = {
						TestTargetID = 7A88121B1416647B3D085273;
					};
					92D31059F1D1D73C79B10A4A = {
						TestTargetID = C59BDF7A1F5B9606A8919132;
					};
					B9FB74AE72C21D64AC08E0B6 = {
						TestTargetID = 1A5F384FD9116CC9E60609FF;
					};
				};
			};
			buildConfigurationList = D8BB8CFDD928212D52E30E0A /* Build configuration list for PBXProject "ShopApp" */;
			developmentRegion = en;
			hasScannedForEncodings = 0;
			knownRegions = (
				Base,
				en,
			);
			mainGroup = B8FAAE3A6CF302E7D61C520A;
			minimizedProjectReferenceProxies = 1;
			packageReferences = (
				882BD8C3FDA5B9B71B0DB829 /* XCRemoteSwiftPackageReference "swift-snapshot-testing" */,
				B276C9DD0EEB8511E1656250 /* XCLocalSwiftPackageReference "." */,
			);
			preferredProjectObjectVersion = 77;
			productRefGroup = BC4A696DFD180FCAD3645D77 /* Products */;
			projectDirPath = "";
			projectRoot = "";
			targets = (
				3A45BDD70E311C7A033CB478 /* AccountApp */,
				C59BDF7A1F5B9606A8919132 /* CheckoutApp */,
				92D31059F1D1D73C79B10A4A /* CheckoutAppUITests */,
				B6C635E3B7F8242152EDC96F /* DesignSystemApp */,
				80041FED0A7C17D87328DBF3 /* PastPurchasesApp */,
				0CD4BD802B938D0F443D4F01 /* PromotionsApp */,
				7A88121B1416647B3D085273 /* SearchApp */,
				5A6D513F3B501912A0A28B09 /* SearchAppUITests */,
				1A5F384FD9116CC9E60609FF /* ShopApp */,
				274E88F17A5596775030DA0E /* ShopAppTests */,
				B9FB74AE72C21D64AC08E0B6 /* ShopAppUITests */,
				7F5566BB2C572B247553117A /* SuggestionsApp */,
				C418658E564074755B9DFDE2 /* SupportApp */,
			);
		};
/* End PBXProject section */

/* Begin PBXSourcesBuildPhase section */
		07DD65737BFCBA67665D197C /* Sources */ = {
			isa = PBXSourcesBuildPhase;
			buildActionMask = 2147483647;
			files = (
				71CC1B989FBFD8E8C1F18858 /* SuggestionsApp.swift in Sources */,
			);
			runOnlyForDeploymentPostprocessing = 0;
		};
		28F538C07E3E9E41A5F885C4 /* Sources */ = {
			isa = PBXSourcesBuildPhase;
			buildActionMask = 2147483647;
			files = (
				5EF95E4456A5E4E781261455 /* RootSnapshotTests.swift in Sources */,
			);
			runOnlyForDeploymentPostprocessing = 0;
		};
		2E74362226BFCB6B3C4BB56D /* Sources */ = {
			isa = PBXSourcesBuildPhase;
			buildActionMask = 2147483647;
			files = (
				0DA8792556B632C6D04317A1 /* CheckoutFunnelUITests.swift in Sources */,
			);
			runOnlyForDeploymentPostprocessing = 0;
		};
		3D31D6710201E40C594F675F /* Sources */ = {
			isa = PBXSourcesBuildPhase;
			buildActionMask = 2147483647;
			files = (
				9CC0A8489DC4C991FD699EF7 /* ShopAppUITests.swift in Sources */,
			);
			runOnlyForDeploymentPostprocessing = 0;
		};
		4F9A88F73F605F1332CA15F0 /* Sources */ = {
			isa = PBXSourcesBuildPhase;
			buildActionMask = 2147483647;
			files = (
				1D5FE2EF42F550501F0CDAD7 /* SearchScenarioUITests.swift in Sources */,
			);
			runOnlyForDeploymentPostprocessing = 0;
		};
		55C2231941A96C85FC54984D /* Sources */ = {
			isa = PBXSourcesBuildPhase;
			buildActionMask = 2147483647;
			files = (
				2545B219033042F01F540A7E /* PromotionsApp.swift in Sources */,
			);
			runOnlyForDeploymentPostprocessing = 0;
		};
		67B140C29A7C59C59E4A4981 /* Sources */ = {
			isa = PBXSourcesBuildPhase;
			buildActionMask = 2147483647;
			files = (
				DAC0E415281914C55081845B /* PastPurchasesApp.swift in Sources */,
			);
			runOnlyForDeploymentPostprocessing = 0;
		};
		786B9668CF8864E063CD570D /* Sources */ = {
			isa = PBXSourcesBuildPhase;
			buildActionMask = 2147483647;
			files = (
				33EBB5F024B645FDDD553B44 /* SupportApp.swift in Sources */,
			);
			runOnlyForDeploymentPostprocessing = 0;
		};
		87084B3E00E2DFA61442EBF5 /* Sources */ = {
			isa = PBXSourcesBuildPhase;
			buildActionMask = 2147483647;
			files = (
				7AE577EB14B71D53365A28E8 /* CheckoutApp.swift in Sources */,
				A0F7BAC52265ACBCA46AD26E /* CheckoutScenario.swift in Sources */,
			);
			runOnlyForDeploymentPostprocessing = 0;
		};
		930843BE1FE860A702A8DE96 /* Sources */ = {
			isa = PBXSourcesBuildPhase;
			buildActionMask = 2147483647;
			files = (
				E36E9526D379CB82B0F56B3E /* AccountApp.swift in Sources */,
			);
			runOnlyForDeploymentPostprocessing = 0;
		};
		93EB0494F2ED56CF4C420405 /* Sources */ = {
			isa = PBXSourcesBuildPhase;
			buildActionMask = 2147483647;
			files = (
				509419EDEA53034AE71143C8 /* SearchApp.swift in Sources */,
				5FD16DCED371B82EC160DFAC /* SearchScenario.swift in Sources */,
			);
			runOnlyForDeploymentPostprocessing = 0;
		};
		A9BDB276514A30B827BD866F /* Sources */ = {
			isa = PBXSourcesBuildPhase;
			buildActionMask = 2147483647;
			files = (
				693C48E8A806032C53FD3645 /* ShopAppMain.swift in Sources */,
			);
			runOnlyForDeploymentPostprocessing = 0;
		};
		B083E7BC9853A35FFC3D16B4 /* Sources */ = {
			isa = PBXSourcesBuildPhase;
			buildActionMask = 2147483647;
			files = (
				52B3036328935F9303AB6719 /* DesignSystemApp.swift in Sources */,
			);
			runOnlyForDeploymentPostprocessing = 0;
		};
/* End PBXSourcesBuildPhase section */

/* Begin PBXTargetDependency section */
		3F7E7CBFB18BFEB2DA11B818 /* PBXTargetDependency */ = {
			isa = PBXTargetDependency;
			target = 7A88121B1416647B3D085273 /* SearchApp */;
			targetProxy = B5CA9A14AF79EF0EDD8589CA /* PBXContainerItemProxy */;
		};
		78F753C169F9A083608DF45A /* PBXTargetDependency */ = {
			isa = PBXTargetDependency;
			target = 1A5F384FD9116CC9E60609FF /* ShopApp */;
			targetProxy = AACB72C972C252249A7DD08E /* PBXContainerItemProxy */;
		};
		BE74DF502AC190A521D4152F /* PBXTargetDependency */ = {
			isa = PBXTargetDependency;
			target = C59BDF7A1F5B9606A8919132 /* CheckoutApp */;
			targetProxy = 3B37F86C4F5B21018CE88C69 /* PBXContainerItemProxy */;
		};
		F24C61FEB227AFF1EF562A36 /* PBXTargetDependency */ = {
			isa = PBXTargetDependency;
			target = 1A5F384FD9116CC9E60609FF /* ShopApp */;
			targetProxy = 8BC4745A45F97BE1B90726EA /* PBXContainerItemProxy */;
		};
/* End PBXTargetDependency section */

/* Begin XCBuildConfiguration section */
		01D30CB02CBC0155021466CC /* Debug */ = {
			isa = XCBuildConfiguration;
			buildSettings = {
				BUNDLE_LOADER = "$(TEST_HOST)";
				CURRENT_PROJECT_VERSION = 1;
				GENERATE_INFOPLIST_FILE = YES;
				IPHONEOS_DEPLOYMENT_TARGET = 17.0;
				LD_RUNPATH_SEARCH_PATHS = (
					"$(inherited)",
					"@executable_path/Frameworks",
					"@loader_path/Frameworks",
				);
				MARKETING_VERSION = 1.0;
				PRODUCT_BUNDLE_IDENTIFIER = com.shopapp.demo.search.uitests;
				SDKROOT = iphoneos;
				SUPPORTS_MAC_DESIGNED_FOR_IPHONE_IPAD = NO;
				TARGETED_DEVICE_FAMILY = "1,2";
				TEST_TARGET_NAME = SearchApp;
			};
			name = Debug;
		};
		03D2FC13ACC7631975C964F2 /* Release */ = {
			isa = XCBuildConfiguration;
			buildSettings = {
				BUNDLE_LOADER = "$(TEST_HOST)";
				CURRENT_PROJECT_VERSION = 1;
				GENERATE_INFOPLIST_FILE = YES;
				IPHONEOS_DEPLOYMENT_TARGET = 17.0;
				LD_RUNPATH_SEARCH_PATHS = (
					"$(inherited)",
					"@executable_path/Frameworks",
					"@loader_path/Frameworks",
				);
				MARKETING_VERSION = 1.0;
				PRODUCT_BUNDLE_IDENTIFIER = com.shopapp.demo.search.uitests;
				SDKROOT = iphoneos;
				SUPPORTS_MAC_DESIGNED_FOR_IPHONE_IPAD = NO;
				TARGETED_DEVICE_FAMILY = "1,2";
				TEST_TARGET_NAME = SearchApp;
			};
			name = Release;
		};
		1588A2A73971CAFF8F60D75C /* Release */ = {
			isa = XCBuildConfiguration;
			buildSettings = {
				ASSETCATALOG_COMPILER_APPICON_NAME = AppIcon;
				CODE_SIGN_IDENTITY = "iPhone Developer";
				CURRENT_PROJECT_VERSION = 1;
				INFOPLIST_FILE = Core/DesignSystem/App/Resources/Info.plist;
				IPHONEOS_DEPLOYMENT_TARGET = 17.0;
				LD_RUNPATH_SEARCH_PATHS = (
					"$(inherited)",
					"@executable_path/Frameworks",
				);
				MARKETING_VERSION = 1.0;
				PRODUCT_BUNDLE_IDENTIFIER = com.shopapp.demo.designsystem;
				PRODUCT_NAME = "Design System";
				SDKROOT = iphoneos;
				SUPPORTS_MAC_DESIGNED_FOR_IPHONE_IPAD = NO;
				TARGETED_DEVICE_FAMILY = "1,2";
			};
			name = Release;
		};
		162A9433A1234DCABB8CB56D /* Release */ = {
			isa = XCBuildConfiguration;
			buildSettings = {
				ASSETCATALOG_COMPILER_APPICON_NAME = AppIcon;
				CODE_SIGN_IDENTITY = "iPhone Developer";
				CURRENT_PROJECT_VERSION = 1;
				INFOPLIST_FILE = Features/Account/App/Resources/Info.plist;
				IPHONEOS_DEPLOYMENT_TARGET = 17.0;
				LD_RUNPATH_SEARCH_PATHS = (
					"$(inherited)",
					"@executable_path/Frameworks",
				);
				MARKETING_VERSION = 1.0;
				PRODUCT_BUNDLE_IDENTIFIER = com.shopapp.demo.account;
				PRODUCT_MODULE_NAME = AccountApp;
				PRODUCT_NAME = Account;
				SDKROOT = iphoneos;
				SUPPORTS_MAC_DESIGNED_FOR_IPHONE_IPAD = NO;
				TARGETED_DEVICE_FAMILY = "1,2";
			};
			name = Release;
		};
		1753E96C0D0179895C184F38 /* Debug */ = {
			isa = XCBuildConfiguration;
			buildSettings = {
				ASSETCATALOG_COMPILER_APPICON_NAME = AppIcon;
				CODE_SIGN_IDENTITY = "iPhone Developer";
				CURRENT_PROJECT_VERSION = 1;
				INFOPLIST_FILE = Shop/App/Resources/Info.plist;
				IPHONEOS_DEPLOYMENT_TARGET = 17.0;
				LD_RUNPATH_SEARCH_PATHS = (
					"$(inherited)",
					"@executable_path/Frameworks",
				);
				MARKETING_VERSION = 1.0;
				PRODUCT_BUNDLE_IDENTIFIER = com.shopapp.demo.app;
				PRODUCT_NAME = ShopApp;
				SDKROOT = iphoneos;
				SUPPORTS_MAC_DESIGNED_FOR_IPHONE_IPAD = NO;
				TARGETED_DEVICE_FAMILY = "1,2";
			};
			name = Debug;
		};
		21B3160E9ECDDF110FF434BB /* Release */ = {
			isa = XCBuildConfiguration;
			buildSettings = {
				BUNDLE_LOADER = "$(TEST_HOST)";
				GENERATE_INFOPLIST_FILE = YES;
				IPHONEOS_DEPLOYMENT_TARGET = 17.0;
				LD_RUNPATH_SEARCH_PATHS = (
					"$(inherited)",
					"@executable_path/Frameworks",
					"@loader_path/Frameworks",
				);
				PRODUCT_BUNDLE_IDENTIFIER = com.shopapp.demo.app.tests;
				SDKROOT = iphoneos;
				SUPPORTS_MAC_DESIGNED_FOR_IPHONE_IPAD = NO;
				TARGETED_DEVICE_FAMILY = "1,2";
				TEST_HOST = "$(BUILT_PRODUCTS_DIR)/ShopApp.app/$(BUNDLE_EXECUTABLE_FOLDER_PATH)/ShopApp";
			};
			name = Release;
		};
		2406C3841E9F87C52E2A7F40 /* Debug */ = {
			isa = XCBuildConfiguration;
			buildSettings = {
				BUNDLE_LOADER = "$(TEST_HOST)";
				GENERATE_INFOPLIST_FILE = YES;
				IPHONEOS_DEPLOYMENT_TARGET = 17.0;
				LD_RUNPATH_SEARCH_PATHS = (
					"$(inherited)",
					"@executable_path/Frameworks",
					"@loader_path/Frameworks",
				);
				PRODUCT_BUNDLE_IDENTIFIER = com.shopapp.demo.app.tests;
				SDKROOT = iphoneos;
				SUPPORTS_MAC_DESIGNED_FOR_IPHONE_IPAD = NO;
				TARGETED_DEVICE_FAMILY = "1,2";
				TEST_HOST = "$(BUILT_PRODUCTS_DIR)/ShopApp.app/$(BUNDLE_EXECUTABLE_FOLDER_PATH)/ShopApp";
			};
			name = Debug;
		};
		3FDCAE1F0CB9ADA7FDB9B118 /* Release */ = {
			isa = XCBuildConfiguration;
			buildSettings = {
				ASSETCATALOG_COMPILER_APPICON_NAME = AppIcon;
				CODE_SIGN_IDENTITY = "iPhone Developer";
				CURRENT_PROJECT_VERSION = 1;
				INFOPLIST_FILE = Features/Suggestions/App/Resources/Info.plist;
				IPHONEOS_DEPLOYMENT_TARGET = 17.0;
				LD_RUNPATH_SEARCH_PATHS = (
					"$(inherited)",
					"@executable_path/Frameworks",
				);
				MARKETING_VERSION = 1.0;
				PRODUCT_BUNDLE_IDENTIFIER = com.shopapp.demo.suggestions;
				PRODUCT_MODULE_NAME = SuggestionsApp;
				PRODUCT_NAME = Suggestions;
				SDKROOT = iphoneos;
				SUPPORTS_MAC_DESIGNED_FOR_IPHONE_IPAD = NO;
				TARGETED_DEVICE_FAMILY = "1,2";
			};
			name = Release;
		};
		4249BC2416EE15E04190F69E /* Release */ = {
			isa = XCBuildConfiguration;
			buildSettings = {
				ALWAYS_SEARCH_USER_PATHS = NO;
				CLANG_ANALYZER_NONNULL = YES;
				CLANG_ANALYZER_NUMBER_OBJECT_CONVERSION = YES_AGGRESSIVE;
				CLANG_CXX_LANGUAGE_STANDARD = "gnu++14";
				CLANG_CXX_LIBRARY = "libc++";
				CLANG_ENABLE_MODULES = YES;
				CLANG_ENABLE_OBJC_ARC = YES;
				CLANG_ENABLE_OBJC_WEAK = YES;
				CLANG_WARN_BLOCK_CAPTURE_AUTORELEASING = YES;
				CLANG_WARN_BOOL_CONVERSION = YES;
				CLANG_WARN_COMMA = YES;
				CLANG_WARN_CONSTANT_CONVERSION = YES;
				CLANG_WARN_DEPRECATED_OBJC_IMPLEMENTATIONS = YES;
				CLANG_WARN_DIRECT_OBJC_ISA_USAGE = YES_ERROR;
				CLANG_WARN_DOCUMENTATION_COMMENTS = YES;
				CLANG_WARN_EMPTY_BODY = YES;
				CLANG_WARN_ENUM_CONVERSION = YES;
				CLANG_WARN_INFINITE_RECURSION = YES;
				CLANG_WARN_INT_CONVERSION = YES;
				CLANG_WARN_NON_LITERAL_NULL_CONVERSION = YES;
				CLANG_WARN_OBJC_IMPLICIT_RETAIN_SELF = YES;
				CLANG_WARN_OBJC_LITERAL_CONVERSION = YES;
				CLANG_WARN_OBJC_ROOT_CLASS = YES_ERROR;
				CLANG_WARN_QUOTED_INCLUDE_IN_FRAMEWORK_HEADER = YES;
				CLANG_WARN_RANGE_LOOP_ANALYSIS = YES;
				CLANG_WARN_STRICT_PROTOTYPES = YES;
				CLANG_WARN_SUSPICIOUS_MOVE = YES;
				CLANG_WARN_UNGUARDED_AVAILABILITY = YES_AGGRESSIVE;
				CLANG_WARN_UNREACHABLE_CODE = YES;
				CLANG_WARN__DUPLICATE_METHOD_MATCH = YES;
				COPY_PHASE_STRIP = NO;
				DEBUG_INFORMATION_FORMAT = "dwarf-with-dsym";
				ENABLE_NS_ASSERTIONS = NO;
				ENABLE_STRICT_OBJC_MSGSEND = YES;
				GCC_C_LANGUAGE_STANDARD = gnu11;
				GCC_NO_COMMON_BLOCKS = YES;
				GCC_WARN_64_TO_32_BIT_CONVERSION = YES;
				GCC_WARN_ABOUT_RETURN_TYPE = YES_ERROR;
				GCC_WARN_UNDECLARED_SELECTOR = YES;
				GCC_WARN_UNINITIALIZED_AUTOS = YES_AGGRESSIVE;
				GCC_WARN_UNUSED_FUNCTION = YES;
				GCC_WARN_UNUSED_VARIABLE = YES;
				IPHONEOS_DEPLOYMENT_TARGET = 17.0;
				MTL_ENABLE_DEBUG_INFO = NO;
				MTL_FAST_MATH = YES;
				PRODUCT_NAME = "$(TARGET_NAME)";
				SDKROOT = iphoneos;
				SWIFT_COMPILATION_MODE = wholemodule;
				SWIFT_OPTIMIZATION_LEVEL = "-O";
				SWIFT_VERSION = 5.0;
			};
			name = Release;
		};
		482CFF4204D8E7EFB9176951 /* Debug */ = {
			isa = XCBuildConfiguration;
			buildSettings = {
				BUNDLE_LOADER = "$(TEST_HOST)";
				CURRENT_PROJECT_VERSION = 1;
				GENERATE_INFOPLIST_FILE = YES;
				IPHONEOS_DEPLOYMENT_TARGET = 17.0;
				LD_RUNPATH_SEARCH_PATHS = (
					"$(inherited)",
					"@executable_path/Frameworks",
					"@loader_path/Frameworks",
				);
				MARKETING_VERSION = 1.0;
				PRODUCT_BUNDLE_IDENTIFIER = com.shopapp.demo.app.uitests;
				SDKROOT = iphoneos;
				SUPPORTS_MAC_DESIGNED_FOR_IPHONE_IPAD = NO;
				TARGETED_DEVICE_FAMILY = "1,2";
				TEST_TARGET_NAME = ShopApp;
			};
			name = Debug;
		};
		62287C98E7D65750FD462A90 /* Debug */ = {
			isa = XCBuildConfiguration;
			buildSettings = {
				ASSETCATALOG_COMPILER_APPICON_NAME = AppIcon;
				CODE_SIGN_IDENTITY = "iPhone Developer";
				CURRENT_PROJECT_VERSION = 1;
				INFOPLIST_FILE = Features/Support/App/Resources/Info.plist;
				IPHONEOS_DEPLOYMENT_TARGET = 17.0;
				LD_RUNPATH_SEARCH_PATHS = (
					"$(inherited)",
					"@executable_path/Frameworks",
				);
				MARKETING_VERSION = 1.0;
				PRODUCT_BUNDLE_IDENTIFIER = com.shopapp.demo.support;
				PRODUCT_MODULE_NAME = SupportApp;
				PRODUCT_NAME = Support;
				SDKROOT = iphoneos;
				SUPPORTS_MAC_DESIGNED_FOR_IPHONE_IPAD = NO;
				TARGETED_DEVICE_FAMILY = "1,2";
			};
			name = Debug;
		};
		79CB6FF759991E3F77D1B8D4 /* Debug */ = {
			isa = XCBuildConfiguration;
			buildSettings = {
				ASSETCATALOG_COMPILER_APPICON_NAME = AppIcon;
				CODE_SIGN_IDENTITY = "iPhone Developer";
				CURRENT_PROJECT_VERSION = 1;
				INFOPLIST_FILE = Features/Checkout/App/Resources/Info.plist;
				IPHONEOS_DEPLOYMENT_TARGET = 17.0;
				LD_RUNPATH_SEARCH_PATHS = (
					"$(inherited)",
					"@executable_path/Frameworks",
				);
				MARKETING_VERSION = 1.0;
				PRODUCT_BUNDLE_IDENTIFIER = com.shopapp.demo.checkout;
				PRODUCT_MODULE_NAME = CheckoutApp;
				PRODUCT_NAME = Checkout;
				SDKROOT = iphoneos;
				SUPPORTS_MAC_DESIGNED_FOR_IPHONE_IPAD = NO;
				TARGETED_DEVICE_FAMILY = "1,2";
			};
			name = Debug;
		};
		8663362F60AB9133F8C43D22 /* Release */ = {
			isa = XCBuildConfiguration;
			buildSettings = {
				ASSETCATALOG_COMPILER_APPICON_NAME = AppIcon;
				CODE_SIGN_IDENTITY = "iPhone Developer";
				CURRENT_PROJECT_VERSION = 1;
				INFOPLIST_FILE = Features/Checkout/App/Resources/Info.plist;
				IPHONEOS_DEPLOYMENT_TARGET = 17.0;
				LD_RUNPATH_SEARCH_PATHS = (
					"$(inherited)",
					"@executable_path/Frameworks",
				);
				MARKETING_VERSION = 1.0;
				PRODUCT_BUNDLE_IDENTIFIER = com.shopapp.demo.checkout;
				PRODUCT_MODULE_NAME = CheckoutApp;
				PRODUCT_NAME = Checkout;
				SDKROOT = iphoneos;
				SUPPORTS_MAC_DESIGNED_FOR_IPHONE_IPAD = NO;
				TARGETED_DEVICE_FAMILY = "1,2";
			};
			name = Release;
		};
		8E0C2CB0FC0CAFA1A319F0E8 /* Release */ = {
			isa = XCBuildConfiguration;
			buildSettings = {
				BUNDLE_LOADER = "$(TEST_HOST)";
				CURRENT_PROJECT_VERSION = 1;
				GENERATE_INFOPLIST_FILE = YES;
				IPHONEOS_DEPLOYMENT_TARGET = 17.0;
				LD_RUNPATH_SEARCH_PATHS = (
					"$(inherited)",
					"@executable_path/Frameworks",
					"@loader_path/Frameworks",
				);
				MARKETING_VERSION = 1.0;
				PRODUCT_BUNDLE_IDENTIFIER = com.shopapp.demo.checkout.uitests;
				SDKROOT = iphoneos;
				SUPPORTS_MAC_DESIGNED_FOR_IPHONE_IPAD = NO;
				TARGETED_DEVICE_FAMILY = "1,2";
				TEST_TARGET_NAME = CheckoutApp;
			};
			name = Release;
		};
		93B433948D49B5B12FFD5D4D /* Release */ = {
			isa = XCBuildConfiguration;
			buildSettings = {
				ASSETCATALOG_COMPILER_APPICON_NAME = AppIcon;
				CODE_SIGN_IDENTITY = "iPhone Developer";
				CURRENT_PROJECT_VERSION = 1;
				INFOPLIST_FILE = Features/Search/App/Resources/Info.plist;
				IPHONEOS_DEPLOYMENT_TARGET = 17.0;
				LD_RUNPATH_SEARCH_PATHS = (
					"$(inherited)",
					"@executable_path/Frameworks",
				);
				MARKETING_VERSION = 1.0;
				PRODUCT_BUNDLE_IDENTIFIER = com.shopapp.demo.search;
				PRODUCT_MODULE_NAME = SearchApp;
				PRODUCT_NAME = Search;
				SDKROOT = iphoneos;
				SUPPORTS_MAC_DESIGNED_FOR_IPHONE_IPAD = NO;
				TARGETED_DEVICE_FAMILY = "1,2";
			};
			name = Release;
		};
		9ADE4648990DC6F53F2472EE /* Release */ = {
			isa = XCBuildConfiguration;
			buildSettings = {
				ASSETCATALOG_COMPILER_APPICON_NAME = AppIcon;
				CODE_SIGN_IDENTITY = "iPhone Developer";
				CURRENT_PROJECT_VERSION = 1;
				INFOPLIST_FILE = Shop/App/Resources/Info.plist;
				IPHONEOS_DEPLOYMENT_TARGET = 17.0;
				LD_RUNPATH_SEARCH_PATHS = (
					"$(inherited)",
					"@executable_path/Frameworks",
				);
				MARKETING_VERSION = 1.0;
				PRODUCT_BUNDLE_IDENTIFIER = com.shopapp.demo.app;
				PRODUCT_NAME = ShopApp;
				SDKROOT = iphoneos;
				SUPPORTS_MAC_DESIGNED_FOR_IPHONE_IPAD = NO;
				TARGETED_DEVICE_FAMILY = "1,2";
			};
			name = Release;
		};
		A9D9C45C4C1C74E3790B1AB4 /* Debug */ = {
			isa = XCBuildConfiguration;
			buildSettings = {
				ASSETCATALOG_COMPILER_APPICON_NAME = AppIcon;
				CODE_SIGN_IDENTITY = "iPhone Developer";
				CURRENT_PROJECT_VERSION = 1;
				INFOPLIST_FILE = Features/Search/App/Resources/Info.plist;
				IPHONEOS_DEPLOYMENT_TARGET = 17.0;
				LD_RUNPATH_SEARCH_PATHS = (
					"$(inherited)",
					"@executable_path/Frameworks",
				);
				MARKETING_VERSION = 1.0;
				PRODUCT_BUNDLE_IDENTIFIER = com.shopapp.demo.search;
				PRODUCT_MODULE_NAME = SearchApp;
				PRODUCT_NAME = Search;
				SDKROOT = iphoneos;
				SUPPORTS_MAC_DESIGNED_FOR_IPHONE_IPAD = NO;
				TARGETED_DEVICE_FAMILY = "1,2";
			};
			name = Debug;
		};
		B06B15FC1F66FA63DBE61B69 /* Release */ = {
			isa = XCBuildConfiguration;
			buildSettings = {
				ASSETCATALOG_COMPILER_APPICON_NAME = AppIcon;
				CODE_SIGN_IDENTITY = "iPhone Developer";
				CURRENT_PROJECT_VERSION = 1;
				INFOPLIST_FILE = Features/Promotions/App/Resources/Info.plist;
				IPHONEOS_DEPLOYMENT_TARGET = 17.0;
				LD_RUNPATH_SEARCH_PATHS = (
					"$(inherited)",
					"@executable_path/Frameworks",
				);
				MARKETING_VERSION = 1.0;
				PRODUCT_BUNDLE_IDENTIFIER = com.shopapp.demo.promotions;
				PRODUCT_MODULE_NAME = PromotionsApp;
				PRODUCT_NAME = Promotions;
				SDKROOT = iphoneos;
				SUPPORTS_MAC_DESIGNED_FOR_IPHONE_IPAD = NO;
				TARGETED_DEVICE_FAMILY = "1,2";
			};
			name = Release;
		};
		B63D6B6B1A92F05196357947 /* Release */ = {
			isa = XCBuildConfiguration;
			buildSettings = {
				BUNDLE_LOADER = "$(TEST_HOST)";
				CURRENT_PROJECT_VERSION = 1;
				GENERATE_INFOPLIST_FILE = YES;
				IPHONEOS_DEPLOYMENT_TARGET = 17.0;
				LD_RUNPATH_SEARCH_PATHS = (
					"$(inherited)",
					"@executable_path/Frameworks",
					"@loader_path/Frameworks",
				);
				MARKETING_VERSION = 1.0;
				PRODUCT_BUNDLE_IDENTIFIER = com.shopapp.demo.app.uitests;
				SDKROOT = iphoneos;
				SUPPORTS_MAC_DESIGNED_FOR_IPHONE_IPAD = NO;
				TARGETED_DEVICE_FAMILY = "1,2";
				TEST_TARGET_NAME = ShopApp;
			};
			name = Release;
		};
		C3CC32FFE4E7881F50040697 /* Debug */ = {
			isa = XCBuildConfiguration;
			buildSettings = {
				ASSETCATALOG_COMPILER_APPICON_NAME = AppIcon;
				CODE_SIGN_IDENTITY = "iPhone Developer";
				CURRENT_PROJECT_VERSION = 1;
				INFOPLIST_FILE = Features/PastPurchases/App/Resources/Info.plist;
				IPHONEOS_DEPLOYMENT_TARGET = 17.0;
				LD_RUNPATH_SEARCH_PATHS = (
					"$(inherited)",
					"@executable_path/Frameworks",
				);
				MARKETING_VERSION = 1.0;
				PRODUCT_BUNDLE_IDENTIFIER = com.shopapp.demo.pastpurchases;
				PRODUCT_NAME = "Past Purchases";
				SDKROOT = iphoneos;
				SUPPORTS_MAC_DESIGNED_FOR_IPHONE_IPAD = NO;
				TARGETED_DEVICE_FAMILY = "1,2";
			};
			name = Debug;
		};
		C84C51B7178047BD0B859BA8 /* Debug */ = {
			isa = XCBuildConfiguration;
			buildSettings = {
				BUNDLE_LOADER = "$(TEST_HOST)";
				CURRENT_PROJECT_VERSION = 1;
				GENERATE_INFOPLIST_FILE = YES;
				IPHONEOS_DEPLOYMENT_TARGET = 17.0;
				LD_RUNPATH_SEARCH_PATHS = (
					"$(inherited)",
					"@executable_path/Frameworks",
					"@loader_path/Frameworks",
				);
				MARKETING_VERSION = 1.0;
				PRODUCT_BUNDLE_IDENTIFIER = com.shopapp.demo.checkout.uitests;
				SDKROOT = iphoneos;
				SUPPORTS_MAC_DESIGNED_FOR_IPHONE_IPAD = NO;
				TARGETED_DEVICE_FAMILY = "1,2";
				TEST_TARGET_NAME = CheckoutApp;
			};
			name = Debug;
		};
		CD096EDA40616907861F7F7E /* Debug */ = {
			isa = XCBuildConfiguration;
			buildSettings = {
				ASSETCATALOG_COMPILER_APPICON_NAME = AppIcon;
				CODE_SIGN_IDENTITY = "iPhone Developer";
				CURRENT_PROJECT_VERSION = 1;
				INFOPLIST_FILE = Features/Suggestions/App/Resources/Info.plist;
				IPHONEOS_DEPLOYMENT_TARGET = 17.0;
				LD_RUNPATH_SEARCH_PATHS = (
					"$(inherited)",
					"@executable_path/Frameworks",
				);
				MARKETING_VERSION = 1.0;
				PRODUCT_BUNDLE_IDENTIFIER = com.shopapp.demo.suggestions;
				PRODUCT_MODULE_NAME = SuggestionsApp;
				PRODUCT_NAME = Suggestions;
				SDKROOT = iphoneos;
				SUPPORTS_MAC_DESIGNED_FOR_IPHONE_IPAD = NO;
				TARGETED_DEVICE_FAMILY = "1,2";
			};
			name = Debug;
		};
		DAB02572B556EC6D7EDE29CD /* Debug */ = {
			isa = XCBuildConfiguration;
			buildSettings = {
				ASSETCATALOG_COMPILER_APPICON_NAME = AppIcon;
				CODE_SIGN_IDENTITY = "iPhone Developer";
				CURRENT_PROJECT_VERSION = 1;
				INFOPLIST_FILE = Features/Promotions/App/Resources/Info.plist;
				IPHONEOS_DEPLOYMENT_TARGET = 17.0;
				LD_RUNPATH_SEARCH_PATHS = (
					"$(inherited)",
					"@executable_path/Frameworks",
				);
				MARKETING_VERSION = 1.0;
				PRODUCT_BUNDLE_IDENTIFIER = com.shopapp.demo.promotions;
				PRODUCT_MODULE_NAME = PromotionsApp;
				PRODUCT_NAME = Promotions;
				SDKROOT = iphoneos;
				SUPPORTS_MAC_DESIGNED_FOR_IPHONE_IPAD = NO;
				TARGETED_DEVICE_FAMILY = "1,2";
			};
			name = Debug;
		};
		DBC40114B918B84F4E4E13E1 /* Release */ = {
			isa = XCBuildConfiguration;
			buildSettings = {
				ASSETCATALOG_COMPILER_APPICON_NAME = AppIcon;
				CODE_SIGN_IDENTITY = "iPhone Developer";
				CURRENT_PROJECT_VERSION = 1;
				INFOPLIST_FILE = Features/Support/App/Resources/Info.plist;
				IPHONEOS_DEPLOYMENT_TARGET = 17.0;
				LD_RUNPATH_SEARCH_PATHS = (
					"$(inherited)",
					"@executable_path/Frameworks",
				);
				MARKETING_VERSION = 1.0;
				PRODUCT_BUNDLE_IDENTIFIER = com.shopapp.demo.support;
				PRODUCT_MODULE_NAME = SupportApp;
				PRODUCT_NAME = Support;
				SDKROOT = iphoneos;
				SUPPORTS_MAC_DESIGNED_FOR_IPHONE_IPAD = NO;
				TARGETED_DEVICE_FAMILY = "1,2";
			};
			name = Release;
		};
		F8CDA7EAA5AC26A9499C8456 /* Debug */ = {
			isa = XCBuildConfiguration;
			buildSettings = {
				ALWAYS_SEARCH_USER_PATHS = NO;
				CLANG_ANALYZER_NONNULL = YES;
				CLANG_ANALYZER_NUMBER_OBJECT_CONVERSION = YES_AGGRESSIVE;
				CLANG_CXX_LANGUAGE_STANDARD = "gnu++14";
				CLANG_CXX_LIBRARY = "libc++";
				CLANG_ENABLE_MODULES = YES;
				CLANG_ENABLE_OBJC_ARC = YES;
				CLANG_ENABLE_OBJC_WEAK = YES;
				CLANG_WARN_BLOCK_CAPTURE_AUTORELEASING = YES;
				CLANG_WARN_BOOL_CONVERSION = YES;
				CLANG_WARN_COMMA = YES;
				CLANG_WARN_CONSTANT_CONVERSION = YES;
				CLANG_WARN_DEPRECATED_OBJC_IMPLEMENTATIONS = YES;
				CLANG_WARN_DIRECT_OBJC_ISA_USAGE = YES_ERROR;
				CLANG_WARN_DOCUMENTATION_COMMENTS = YES;
				CLANG_WARN_EMPTY_BODY = YES;
				CLANG_WARN_ENUM_CONVERSION = YES;
				CLANG_WARN_INFINITE_RECURSION = YES;
				CLANG_WARN_INT_CONVERSION = YES;
				CLANG_WARN_NON_LITERAL_NULL_CONVERSION = YES;
				CLANG_WARN_OBJC_IMPLICIT_RETAIN_SELF = YES;
				CLANG_WARN_OBJC_LITERAL_CONVERSION = YES;
				CLANG_WARN_OBJC_ROOT_CLASS = YES_ERROR;
				CLANG_WARN_QUOTED_INCLUDE_IN_FRAMEWORK_HEADER = YES;
				CLANG_WARN_RANGE_LOOP_ANALYSIS = YES;
				CLANG_WARN_STRICT_PROTOTYPES = YES;
				CLANG_WARN_SUSPICIOUS_MOVE = YES;
				CLANG_WARN_UNGUARDED_AVAILABILITY = YES_AGGRESSIVE;
				CLANG_WARN_UNREACHABLE_CODE = YES;
				CLANG_WARN__DUPLICATE_METHOD_MATCH = YES;
				COPY_PHASE_STRIP = NO;
				DEBUG_INFORMATION_FORMAT = dwarf;
				ENABLE_STRICT_OBJC_MSGSEND = YES;
				ENABLE_TESTABILITY = YES;
				GCC_C_LANGUAGE_STANDARD = gnu11;
				GCC_DYNAMIC_NO_PIC = NO;
				GCC_NO_COMMON_BLOCKS = YES;
				GCC_OPTIMIZATION_LEVEL = 0;
				GCC_PREPROCESSOR_DEFINITIONS = (
					"$(inherited)",
					"DEBUG=1",
				);
				GCC_WARN_64_TO_32_BIT_CONVERSION = YES;
				GCC_WARN_ABOUT_RETURN_TYPE = YES_ERROR;
				GCC_WARN_UNDECLARED_SELECTOR = YES;
				GCC_WARN_UNINITIALIZED_AUTOS = YES_AGGRESSIVE;
				GCC_WARN_UNUSED_FUNCTION = YES;
				GCC_WARN_UNUSED_VARIABLE = YES;
				IPHONEOS_DEPLOYMENT_TARGET = 17.0;
				MTL_ENABLE_DEBUG_INFO = INCLUDE_SOURCE;
				MTL_FAST_MATH = YES;
				ONLY_ACTIVE_ARCH = YES;
				PRODUCT_NAME = "$(TARGET_NAME)";
				SDKROOT = iphoneos;
				SWIFT_ACTIVE_COMPILATION_CONDITIONS = DEBUG;
				SWIFT_OPTIMIZATION_LEVEL = "-Onone";
				SWIFT_VERSION = 5.0;
			};
			name = Debug;
		};
		FA6BED669ECCE663927CA86F /* Release */ = {
			isa = XCBuildConfiguration;
			buildSettings = {
				ASSETCATALOG_COMPILER_APPICON_NAME = AppIcon;
				CODE_SIGN_IDENTITY = "iPhone Developer";
				CURRENT_PROJECT_VERSION = 1;
				INFOPLIST_FILE = Features/PastPurchases/App/Resources/Info.plist;
				IPHONEOS_DEPLOYMENT_TARGET = 17.0;
				LD_RUNPATH_SEARCH_PATHS = (
					"$(inherited)",
					"@executable_path/Frameworks",
				);
				MARKETING_VERSION = 1.0;
				PRODUCT_BUNDLE_IDENTIFIER = com.shopapp.demo.pastpurchases;
				PRODUCT_NAME = "Past Purchases";
				SDKROOT = iphoneos;
				SUPPORTS_MAC_DESIGNED_FOR_IPHONE_IPAD = NO;
				TARGETED_DEVICE_FAMILY = "1,2";
			};
			name = Release;
		};
		FAB3EE8D622754FA93B2F0F0 /* Debug */ = {
			isa = XCBuildConfiguration;
			buildSettings = {
				ASSETCATALOG_COMPILER_APPICON_NAME = AppIcon;
				CODE_SIGN_IDENTITY = "iPhone Developer";
				CURRENT_PROJECT_VERSION = 1;
				INFOPLIST_FILE = Core/DesignSystem/App/Resources/Info.plist;
				IPHONEOS_DEPLOYMENT_TARGET = 17.0;
				LD_RUNPATH_SEARCH_PATHS = (
					"$(inherited)",
					"@executable_path/Frameworks",
				);
				MARKETING_VERSION = 1.0;
				PRODUCT_BUNDLE_IDENTIFIER = com.shopapp.demo.designsystem;
				PRODUCT_NAME = "Design System";
				SDKROOT = iphoneos;
				SUPPORTS_MAC_DESIGNED_FOR_IPHONE_IPAD = NO;
				TARGETED_DEVICE_FAMILY = "1,2";
			};
			name = Debug;
		};
		FB4836F17906C1BDE3734482 /* Debug */ = {
			isa = XCBuildConfiguration;
			buildSettings = {
				ASSETCATALOG_COMPILER_APPICON_NAME = AppIcon;
				CODE_SIGN_IDENTITY = "iPhone Developer";
				CURRENT_PROJECT_VERSION = 1;
				INFOPLIST_FILE = Features/Account/App/Resources/Info.plist;
				IPHONEOS_DEPLOYMENT_TARGET = 17.0;
				LD_RUNPATH_SEARCH_PATHS = (
					"$(inherited)",
					"@executable_path/Frameworks",
				);
				MARKETING_VERSION = 1.0;
				PRODUCT_BUNDLE_IDENTIFIER = com.shopapp.demo.account;
				PRODUCT_MODULE_NAME = AccountApp;
				PRODUCT_NAME = Account;
				SDKROOT = iphoneos;
				SUPPORTS_MAC_DESIGNED_FOR_IPHONE_IPAD = NO;
				TARGETED_DEVICE_FAMILY = "1,2";
			};
			name = Debug;
		};
/* End XCBuildConfiguration section */

/* Begin XCConfigurationList section */
		27683EC88F3235EC03CE6519 /* Build configuration list for PBXNativeTarget "ShopAppTests" */ = {
			isa = XCConfigurationList;
			buildConfigurations = (
				2406C3841E9F87C52E2A7F40 /* Debug */,
				21B3160E9ECDDF110FF434BB /* Release */,
			);
			defaultConfigurationIsVisible = 0;
			defaultConfigurationName = Debug;
		};
		2FA87B38AC4D278EB8E4E907 /* Build configuration list for PBXNativeTarget "CheckoutAppUITests" */ = {
			isa = XCConfigurationList;
			buildConfigurations = (
				C84C51B7178047BD0B859BA8 /* Debug */,
				8E0C2CB0FC0CAFA1A319F0E8 /* Release */,
			);
			defaultConfigurationIsVisible = 0;
			defaultConfigurationName = Debug;
		};
		36F809332076905039C99E4B /* Build configuration list for PBXNativeTarget "DesignSystemApp" */ = {
			isa = XCConfigurationList;
			buildConfigurations = (
				FAB3EE8D622754FA93B2F0F0 /* Debug */,
				1588A2A73971CAFF8F60D75C /* Release */,
			);
			defaultConfigurationIsVisible = 0;
			defaultConfigurationName = Debug;
		};
		51361DC0F298C7CFF415E9A5 /* Build configuration list for PBXNativeTarget "PastPurchasesApp" */ = {
			isa = XCConfigurationList;
			buildConfigurations = (
				C3CC32FFE4E7881F50040697 /* Debug */,
				FA6BED669ECCE663927CA86F /* Release */,
			);
			defaultConfigurationIsVisible = 0;
			defaultConfigurationName = Debug;
		};
		5D5F12887CA8DB66586981C0 /* Build configuration list for PBXNativeTarget "CheckoutApp" */ = {
			isa = XCConfigurationList;
			buildConfigurations = (
				79CB6FF759991E3F77D1B8D4 /* Debug */,
				8663362F60AB9133F8C43D22 /* Release */,
			);
			defaultConfigurationIsVisible = 0;
			defaultConfigurationName = Debug;
		};
		A362ABFF73F4579CD00202B4 /* Build configuration list for PBXNativeTarget "AccountApp" */ = {
			isa = XCConfigurationList;
			buildConfigurations = (
				FB4836F17906C1BDE3734482 /* Debug */,
				162A9433A1234DCABB8CB56D /* Release */,
			);
			defaultConfigurationIsVisible = 0;
			defaultConfigurationName = Debug;
		};
		BC4A7AB82C02EA404C18AC0F /* Build configuration list for PBXNativeTarget "SearchApp" */ = {
			isa = XCConfigurationList;
			buildConfigurations = (
				A9D9C45C4C1C74E3790B1AB4 /* Debug */,
				93B433948D49B5B12FFD5D4D /* Release */,
			);
			defaultConfigurationIsVisible = 0;
			defaultConfigurationName = Debug;
		};
		C36527B9D027D2CDC2D11854 /* Build configuration list for PBXNativeTarget "SearchAppUITests" */ = {
			isa = XCConfigurationList;
			buildConfigurations = (
				01D30CB02CBC0155021466CC /* Debug */,
				03D2FC13ACC7631975C964F2 /* Release */,
			);
			defaultConfigurationIsVisible = 0;
			defaultConfigurationName = Debug;
		};
		D8BB8CFDD928212D52E30E0A /* Build configuration list for PBXProject "ShopApp" */ = {
			isa = XCConfigurationList;
			buildConfigurations = (
				F8CDA7EAA5AC26A9499C8456 /* Debug */,
				4249BC2416EE15E04190F69E /* Release */,
			);
			defaultConfigurationIsVisible = 0;
			defaultConfigurationName = Debug;
		};
		D9528060DA1D21EE94B3A2CB /* Build configuration list for PBXNativeTarget "PromotionsApp" */ = {
			isa = XCConfigurationList;
			buildConfigurations = (
				DAB02572B556EC6D7EDE29CD /* Debug */,
				B06B15FC1F66FA63DBE61B69 /* Release */,
			);
			defaultConfigurationIsVisible = 0;
			defaultConfigurationName = Debug;
		};
		E5AC64D33B4DADBC67F99447 /* Build configuration list for PBXNativeTarget "ShopAppUITests" */ = {
			isa = XCConfigurationList;
			buildConfigurations = (
				482CFF4204D8E7EFB9176951 /* Debug */,
				B63D6B6B1A92F05196357947 /* Release */,
			);
			defaultConfigurationIsVisible = 0;
			defaultConfigurationName = Debug;
		};
		E68F3EE5C4F850009A9E46A8 /* Build configuration list for PBXNativeTarget "SupportApp" */ = {
			isa = XCConfigurationList;
			buildConfigurations = (
				62287C98E7D65750FD462A90 /* Debug */,
				DBC40114B918B84F4E4E13E1 /* Release */,
			);
			defaultConfigurationIsVisible = 0;
			defaultConfigurationName = Debug;
		};
		E92E3506B6E468BBCFA5FAC2 /* Build configuration list for PBXNativeTarget "SuggestionsApp" */ = {
			isa = XCConfigurationList;
			buildConfigurations = (
				CD096EDA40616907861F7F7E /* Debug */,
				3FDCAE1F0CB9ADA7FDB9B118 /* Release */,
			);
			defaultConfigurationIsVisible = 0;
			defaultConfigurationName = Debug;
		};
		F86D628BC5021A6AD6323B11 /* Build configuration list for PBXNativeTarget "ShopApp" */ = {
			isa = XCConfigurationList;
			buildConfigurations = (
				1753E96C0D0179895C184F38 /* Debug */,
				9ADE4648990DC6F53F2472EE /* Release */,
			);
			defaultConfigurationIsVisible = 0;
			defaultConfigurationName = Debug;
		};
/* End XCConfigurationList section */

/* Begin XCLocalSwiftPackageReference section */
		B276C9DD0EEB8511E1656250 /* XCLocalSwiftPackageReference "." */ = {
			isa = XCLocalSwiftPackageReference;
			relativePath = .;
		};
/* End XCLocalSwiftPackageReference section */

/* Begin XCRemoteSwiftPackageReference section */
		882BD8C3FDA5B9B71B0DB829 /* XCRemoteSwiftPackageReference "swift-snapshot-testing" */ = {
			isa = XCRemoteSwiftPackageReference;
			repositoryURL = "https://github.com/pointfreeco/swift-snapshot-testing";
			requirement = {
				kind = upToNextMajorVersion;
				minimumVersion = 1.17.0;
			};
		};
/* End XCRemoteSwiftPackageReference section */

/* Begin XCSwiftPackageProductDependency section */
		1B8E8165E29A4C82F44F955A /* ShopCore */ = {
			isa = XCSwiftPackageProductDependency;
			productName = ShopCore;
		};
		1CA7E34DE34297A6FFB1FA09 /* AccountTesting */ = {
			isa = XCSwiftPackageProductDependency;
			productName = AccountTesting;
		};
		21EF7C3A568B219B7BD391B2 /* PromotionsTesting */ = {
			isa = XCSwiftPackageProductDependency;
			productName = PromotionsTesting;
		};
		230F22A05C96E4621D249E07 /* StoreTesting */ = {
			isa = XCSwiftPackageProductDependency;
			productName = StoreTesting;
		};
		2F560470612E77E6DAE7651B /* SuggestionsTesting */ = {
			isa = XCSwiftPackageProductDependency;
			productName = SuggestionsTesting;
		};
		2F9F6AA7C670A1A572F29F1E /* PromotionsTesting */ = {
			isa = XCSwiftPackageProductDependency;
			productName = PromotionsTesting;
		};
		3358B6CF875178EF090B7102 /* DesignSystem */ = {
			isa = XCSwiftPackageProductDependency;
			productName = DesignSystem;
		};
		466EF080698E2C28FCE7EBBB /* CheckoutTesting */ = {
			isa = XCSwiftPackageProductDependency;
			productName = CheckoutTesting;
		};
		47041F172F6957A31FB0ADB2 /* Suggestions */ = {
			isa = XCSwiftPackageProductDependency;
			productName = Suggestions;
		};
		4BBA7B20F61E864B7C3EF822 /* SnapshotTesting */ = {
			isa = XCSwiftPackageProductDependency;
			package = 882BD8C3FDA5B9B71B0DB829 /* XCRemoteSwiftPackageReference "swift-snapshot-testing" */;
			productName = SnapshotTesting;
		};
		59D2E2D39840DB552E818AC0 /* Checkout */ = {
			isa = XCSwiftPackageProductDependency;
			productName = Checkout;
		};
		656D585663E2E8C8CBE72F4D /* Search */ = {
			isa = XCSwiftPackageProductDependency;
			productName = Search;
		};
		6DC73CD2F364D5A7AB863742 /* Support */ = {
			isa = XCSwiftPackageProductDependency;
			productName = Support;
		};
		6DD96E148992786A05D8500B /* Store */ = {
			isa = XCSwiftPackageProductDependency;
			productName = Store;
		};
		74C64115760D62F039D8A416 /* Account */ = {
			isa = XCSwiftPackageProductDependency;
			productName = Account;
		};
		7C13EFC01C9B18FC33F116B2 /* PastPurchasesTesting */ = {
			isa = XCSwiftPackageProductDependency;
			productName = PastPurchasesTesting;
		};
		884720785B8AAE89F7C8970B /* CheckoutTesting */ = {
			isa = XCSwiftPackageProductDependency;
			productName = CheckoutTesting;
		};
		8B4EF89E6414765AF69FB40C /* Checkout */ = {
			isa = XCSwiftPackageProductDependency;
			productName = Checkout;
		};
		9B1AE0B88D9EF0E278FF20EC /* Checkout */ = {
			isa = XCSwiftPackageProductDependency;
			productName = Checkout;
		};
		A0F7B1A83057CE0B3A87C1FD /* SuggestionsTesting */ = {
			isa = XCSwiftPackageProductDependency;
			productName = SuggestionsTesting;
		};
		A223B6D1E95CD78305282BCA /* AccountTesting */ = {
			isa = XCSwiftPackageProductDependency;
			productName = AccountTesting;
		};
		A903C02E63913CDDC39840CD /* Suggestions */ = {
			isa = XCSwiftPackageProductDependency;
			productName = Suggestions;
		};
		ACF796CF701DC6BFBD8AAF43 /* SearchTesting */ = {
			isa = XCSwiftPackageProductDependency;
			productName = SearchTesting;
		};
		AD0B3E75E8B921C1D670326C /* Promotions */ = {
			isa = XCSwiftPackageProductDependency;
			productName = Promotions;
		};
		B145BA40E4E3518422E84FD6 /* Store */ = {
			isa = XCSwiftPackageProductDependency;
			productName = Store;
		};
		B62DE44C958403AF4368D4A2 /* PastPurchases */ = {
			isa = XCSwiftPackageProductDependency;
			productName = PastPurchases;
		};
		BF61BBB1FC7A5824EC870AA1 /* PastPurchases */ = {
			isa = XCSwiftPackageProductDependency;
			productName = PastPurchases;
		};
		C14327C805FBD33D3CB8EFD8 /* Account */ = {
			isa = XCSwiftPackageProductDependency;
			productName = Account;
		};
		CA7DF96E4F47C78B50D8EDC1 /* PastPurchasesTesting */ = {
			isa = XCSwiftPackageProductDependency;
			productName = PastPurchasesTesting;
		};
		D1541CBF32EE9FD16E7F82BC /* StoreTesting */ = {
			isa = XCSwiftPackageProductDependency;
			productName = StoreTesting;
		};
		E208CD9E0C09F1123B7F65B1 /* Promotions */ = {
			isa = XCSwiftPackageProductDependency;
			productName = Promotions;
		};
		F229C2CC6D4E7A47FFD0B8DF /* Search */ = {
			isa = XCSwiftPackageProductDependency;
			productName = Search;
		};
/* End XCSwiftPackageProductDependency section */
	};
	rootObject = 1EE381B326C5BB4B225FF178 /* Project object */;
}
